
Microsoft Visual Studio Solution File, Format Version 12.00
# Visual Studio Version 17
VisualStudioVersion = 17.13.35818.85
MinimumVisualStudioVersion = 10.0.40219.1
Project("{FAE04EC0-301F-11D3-BF4B-00C04F79EFBC}") = "Resto.API", "Resto.API\Resto.API.csproj", "{613CFC96-6B11-42D7-8388-6A00BEBB78B6}"
EndProject
Project("{FAE04EC0-301F-11D3-BF4B-00C04F79EFBC}") = "Resto.Domain", "Resto.Domain\Resto.Domain.csproj", "{EEB55D27-4F0F-4A00-9F95-26BD0F4F6F2D}"
EndProject
Project("{FAE04EC0-301F-11D3-BF4B-00C04F79EFBC}") = "Resto.Application", "Resto.Application\Resto.Application.csproj", "{06737143-188E-4BA1-B31F-5DE5EA4D044E}"
EndProject
Project("{FAE04EC0-301F-11D3-BF4B-00C04F79EFBC}") = "Resto.Infrastructure", "Resto.Infrastructure\Resto.Infrastructure.csproj", "{749FC4D9-2AA3-4ABF-B2F2-CFF8FC698B84}"
EndProject
Global
	GlobalSection(SolutionConfigurationPlatforms) = preSolution
		Debug|Any CPU = Debug|Any CPU
		Release|Any CPU = Release|Any CPU
	EndGlobalSection
	GlobalSection(ProjectConfigurationPlatforms) = postSolution
		{613CFC96-6B11-42D7-8388-6A00BEBB78B6}.Debug|Any CPU.ActiveCfg = Debug|Any CPU
		{613CFC96-6B11-42D7-8388-6A00BEBB78B6}.Debug|Any CPU.Build.0 = Debug|Any CPU
		{613CFC96-6B11-42D7-8388-6A00BEBB78B6}.Release|Any CPU.ActiveCfg = Release|Any CPU
		{613CFC96-6B11-42D7-8388-6A00BEBB78B6}.Release|Any CPU.Build.0 = Release|Any CPU
		{EEB55D27-4F0F-4A00-9F95-26BD0F4F6F2D}.Debug|Any CPU.ActiveCfg = Debug|Any CPU
		{EEB55D27-4F0F-4A00-9F95-26BD0F4F6F2D}.Debug|Any CPU.Build.0 = Debug|Any CPU
		{EEB55D27-4F0F-4A00-9F95-26BD0F4F6F2D}.Release|Any CPU.ActiveCfg = Release|Any CPU
		{EEB55D27-4F0F-4A00-9F95-26BD0F4F6F2D}.Release|Any CPU.Build.0 = Release|Any CPU
		{06737143-188E-4BA1-B31F-5DE5EA4D044E}.Debug|Any CPU.ActiveCfg = Debug|Any CPU
		{06737143-188E-4BA1-B31F-5DE5EA4D044E}.Debug|Any CPU.Build.0 = Debug|Any CPU
		{06737143-188E-4BA1-B31F-5DE5EA4D044E}.Release|Any CPU.ActiveCfg = Release|Any CPU
		{06737143-188E-4BA1-B31F-5DE5EA4D044E}.Release|Any CPU.Build.0 = Release|Any CPU
		{749FC4D9-2AA3-4ABF-B2F2-CFF8FC698B84}.Debug|Any CPU.ActiveCfg = Debug|Any CPU
		{749FC4D9-2AA3-4ABF-B2F2-CFF8FC698B84}.Debug|Any CPU.Build.0 = Debug|Any CPU
		{749FC4D9-2AA3-4ABF-B2F2-CFF8FC698B84}.Release|Any CPU.ActiveCfg = Release|Any CPU
		{749FC4D9-2AA3-4ABF-B2F2-CFF8FC698B84}.Release|Any CPU.Build.0 = Release|Any CPU
	EndGlobalSection
	GlobalSection(SolutionProperties) = preSolution
		HideSolutionNode = FALSE
	EndGlobalSection
	GlobalSection(ExtensibilityGlobals) = postSolution
		SolutionGuid = {D704E4A5-1216-4493-8704-D3D4449772A8}
	EndGlobalSection
EndGlobal
